
Microsoft Visual Studio Solution File, Format Version 12.00
# Visual Studio Version 16
VisualStudioVersion = 16.0.31313.79
MinimumVisualStudioVersion = 10.0.40219.1
Project("{FAE04EC0-301F-11D3-BF4B-00C04F79EFBC}") = "ChartSplicer", "ChartSplicer\ChartSplicer.csproj", "{1A8197C3-7455-4955-ACB3-5010EAF5A53A}"
EndProject
Global
	GlobalSection(SolutionConfigurationPlatforms) = preSolution
		Debug|Any CPU = Debug|Any CPU
		Release|Any CPU = Release|Any CPU
	EndGlobalSection
	GlobalSection(ProjectConfigurationPlatforms) = postSolution
		{1A8197C3-7455-4955-ACB3-5010EAF5A53A}.Debug|Any CPU.ActiveCfg = Debug|Any CPU
		{1A8197C3-7455-4955-ACB3-5010EAF5A53A}.Debug|Any CPU.Build.0 = Debug|Any CPU
		{1A8197C3-7455-4955-ACB3-5010EAF5A53A}.Release|Any CPU.ActiveCfg = Release|Any CPU
		{1A8197C3-7455-4955-ACB3-5010EAF5A53A}.Release|Any CPU.Build.0 = Release|Any CPU
	EndGlobalSection
	GlobalSection(SolutionProperties) = preSolution
		HideSolutionNode = FALSE
	EndGlobalSection
	GlobalSection(ExtensibilityGlobals) = postSolution
		SolutionGuid = {1D500F2B-2D94-4B2B-BC91-7F79DE62B0E1}
	EndGlobalSection
EndGlobal
